// !$*UTF8*$!
{
	archiveVersion = 1;
	classes = {
	};
	objectVersion = 50;
	objects = {

/* Begin PBXBuildFile section */
		D502F41522B48BAA0069992E /* AppDelegate.swift in Sources */ = {isa = PBXBuildFile; fileRef = D502F41422B48BAA0069992E /* AppDelegate.swift */; };
		D502F41722B48BAA0069992E /* ViewController.swift in Sources */ = {isa = PBXBuildFile; fileRef = D502F41622B48BAA0069992E /* ViewController.swift */; };
		D502F41A22B48BAA0069992E /* Main.storyboard in Resources */ = {isa = PBXBuildFile; fileRef = D502F41822B48BAA0069992E /* Main.storyboard */; };
		D502F41C22B48BAB0069992E /* Assets.xcassets in Resources */ = {isa = PBXBuildFile; fileRef = D502F41B22B48BAB0069992E /* Assets.xcassets */; };
		D502F41F22B48BAB0069992E /* LaunchScreen.storyboard in Resources */ = {isa = PBXBuildFile; fileRef = D502F41D22B48BAB0069992E /* LaunchScreen.storyboard */; };
		D502F42A22B48BAB0069992E /* Person_UITests.swift in Sources */ = {isa = PBXBuildFile; fileRef = D502F42922B48BAB0069992E /* Person_UITests.swift */; };
		D502F43522B48BAB0069992E /* Person_UIUITests.swift in Sources */ = {isa = PBXBuildFile; fileRef = D502F43422B48BAB0069992E /* Person_UIUITests.swift */; };
/* End PBXBuildFile section */

/* Begin PBXContainerItemProxy section */
		D502F42622B48BAB0069992E /* PBXContainerItemProxy */ = {
			isa = PBXContainerItemProxy;
			containerPortal = D502F40922B48BAA0069992E /* Project object */;
			proxyType = 1;
			remoteGlobalIDString = D502F41022B48BAA0069992E;
			remoteInfo = "Person UI";
		};
		D502F43122B48BAB0069992E /* PBXContainerItemProxy */ = {
			isa = PBXContainerItemProxy;
			containerPortal = D502F40922B48BAA0069992E /* Project object */;
			proxyType = 1;
			remoteGlobalIDString = D502F41022B48BAA0069992E;
			remoteInfo = "Person UI";
		};
/* End PBXContainerItemProxy section */

/* Begin PBXFileReference section */
		D502F41122B48BAA0069992E /* Person UI.app */ = {isa = PBXFileReference; explicitFileType = wrapper.application; includeInIndex = 0; path = "Person UI.app"; sourceTree = BUILT_PRODUCTS_DIR; };
		D502F41422B48BAA0069992E /* AppDelegate.swift */ = {isa = PBXFileReference; lastKnownFileType = sourcecode.swift; path = AppDelegate.swift; sourceTree = "<group>"; };
		D502F41622B48BAA0069992E /* ViewController.swift */ = {isa = PBXFileReference; lastKnownFileType = sourcecode.swift; path = ViewController.swift; sourceTree = "<group>"; };
		D502F41922B48BAA0069992E /* Base */ = {isa = PBXFileReference; lastKnownFileType = file.storyboard; name = Base; path = Base.lproj/Main.storyboard; sourceTree = "<group>"; };
		D502F41B22B48BAB0069992E /* Assets.xcassets */ = {isa = PBXFileReference; lastKnownFileType = folder.assetcatalog; path = Assets.xcassets; sourceTree = "<group>"; };
		D502F41E22B48BAB0069992E /* Base */ = {isa = PBXFileReference; lastKnownFileType = file.storyboard; name = Base; path = Base.lproj/LaunchScreen.storyboard; sourceTree = "<group>"; };
		D502F42022B48BAB0069992E /* Info.plist */ = {isa = PBXFileReference; lastKnownFileType = text.plist.xml; path = Info.plist; sourceTree = "<group>"; };
		D502F42522B48BAB0069992E /* Person UITests.xctest */ = {isa = PBXFileReference; explicitFileType = wrapper.cfbundle; includeInIndex = 0; path = "Person UITests.xctest"; sourceTree = BUILT_PRODUCTS_DIR; };
		D502F42922B48BAB0069992E /* Person_UITests.swift */ = {isa = PBXFileReference; lastKnownFileType = sourcecode.swift; path = Person_UITests.swift; sourceTree = "<group>"; };
		D502F42B22B48BAB0069992E /* Info.plist */ = {isa = PBXFileReference; lastKnownFileType = text.plist.xml; path = Info.plist; sourceTree = "<group>"; };
		D502F43022B48BAB0069992E /* Person UIUITests.xctest */ = {isa = PBXFileReference; explicitFileType = wrapper.cfbundle; includeInIndex = 0; path = "Person UIUITests.xctest"; sourceTree = BUILT_PRODUCTS_DIR; };
		D502F43422B48BAB0069992E /* Person_UIUITests.swift */ = {isa = PBXFileReference; lastKnownFileType = sourcecode.swift; path = Person_UIUITests.swift; sourceTree = "<group>"; };
		D502F43622B48BAB0069992E /* Info.plist */ = {isa = PBXFileReference; lastKnownFileType = text.plist.xml; path = Info.plist; sourceTree = "<group>"; };
/* End PBXFileReference section */

/* Begin PBXFrameworksBuildPhase section */
		D502F40E22B48BAA0069992E /* Frameworks */ = {
			isa = PBXFrameworksBuildPhase;
			buildActionMask = 2147483647;
			files = (
			);
			runOnlyForDeploymentPostprocessing = 0;
		};
		D502F42222B48BAB0069992E /* Frameworks */ = {
			isa = PBXFrameworksBuildPhase;
			buildActionMask = 2147483647;
			files = (
			);
			runOnlyForDeploymentPostprocessing = 0;
		};
		D502F42D22B48BAB0069992E /* Frameworks */ = {
			isa = PBXFrameworksBuildPhase;
			buildActionMask = 2147483647;
			files = (
			);
			runOnlyForDeploymentPostprocessing = 0;
		};
/* End PBXFrameworksBuildPhase section */

/* Begin PBXGroup section */
		D502F40822B48BAA0069992E = {
			isa = PBXGroup;
			children = (
				D502F41322B48BAA0069992E /* Person UI */,
				D502F42822B48BAB0069992E /* Person UITests */,
				D502F43322B48BAB0069992E /* Person UIUITests */,
				D502F41222B48BAA0069992E /* Products */,
			);
			sourceTree = "<group>";
		};
		D502F41222B48BAA0069992E /* Products */ = {
			isa = PBXGroup;
			children = (
				D502F41122B48BAA0069992E /* Person UI.app */,
				D502F42522B48BAB0069992E /* Person UITests.xctest */,
				D502F43022B48BAB0069992E /* Person UIUITests.xctest */,
			);
			name = Products;
			sourceTree = "<group>";
		};
		D502F41322B48BAA0069992E /* Person UI */ = {
			isa = PBXGroup;
			children = (
				D502F41422B48BAA0069992E /* AppDelegate.swift */,
				D502F41622B48BAA0069992E /* ViewController.swift */,
				D502F41822B48BAA0069992E /* Main.storyboard */,
				D502F41B22B48BAB0069992E /* Assets.xcassets */,
				D502F41D22B48BAB0069992E /* LaunchScreen.storyboard */,
				D502F42022B48BAB0069992E /* Info.plist */,
			);
			path = "Person UI";
			sourceTree = "<group>";
		};
		D502F42822B48BAB0069992E /* Person UITests */ = {
			isa = PBXGroup;
			children = (
				D502F42922B48BAB0069992E /* Person_UITests.swift */,
				D502F42B22B48BAB0069992E /* Info.plist */,
			);
			path = "Person UITests";
			sourceTree = "<group>";
		};
		D502F43322B48BAB0069992E /* Person UIUITests */ = {
			isa = PBXGroup;
			children = (
				D502F43422B48BAB0069992E /* Person_UIUITests.swift */,
				D502F43622B48BAB0069992E /* Info.plist */,
			);
			path = "Person UIUITests";
			sourceTree = "<group>";
		};
/* End PBXGroup section */

/* Begin PBXNativeTarget section */
		D502F41022B48BAA0069992E /* Person UI */ = {
			isa = PBXNativeTarget;
			buildConfigurationList = D502F43922B48BAB0069992E /* Build configuration list for PBXNativeTarget "Person UI" */;
			buildPhases = (
				D502F40D22B48BAA0069992E /* Sources */,
				D502F40E22B48BAA0069992E /* Frameworks */,
				D502F40F22B48BAA0069992E /* Resources */,
			);
			buildRules = (
			);
			dependencies = (
			);
			name = "Person UI";
			productName = "Person UI";
			productReference = D502F41122B48BAA0069992E /* Person UI.app */;
			productType = "com.apple.product-type.application";
		};
		D502F42422B48BAB0069992E /* Person UITests */ = {
			isa = PBXNativeTarget;
			buildConfigurationList = D502F43C22B48BAB0069992E /* Build configuration list for PBXNativeTarget "Person UITests" */;
			buildPhases = (
				D502F42122B48BAB0069992E /* Sources */,
				D502F42222B48BAB0069992E /* Frameworks */,
				D502F42322B48BAB0069992E /* Resources */,
			);
			buildRules = (
			);
			dependencies = (
				D502F42722B48BAB0069992E /* PBXTargetDependency */,
			);
			name = "Person UITests";
			productName = "Person UITests";
			productReference = D502F42522B48BAB0069992E /* Person UITests.xctest */;
			productType = "com.apple.product-type.bundle.unit-test";
		};
		D502F42F22B48BAB0069992E /* Person UIUITests */ = {
			isa = PBXNativeTarget;
			buildConfigurationList = D502F43F22B48BAB0069992E /* Build configuration list for PBXNativeTarget "Person UIUITests" */;
			buildPhases = (
				D502F42C22B48BAB0069992E /* Sources */,
				D502F42D22B48BAB0069992E /* Frameworks */,
				D502F42E22B48BAB0069992E /* Resources */,
			);
			buildRules = (
			);
			dependencies = (
				D502F43222B48BAB0069992E /* PBXTargetDependency */,
			);
			name = "Person UIUITests";
			productName = "Person UIUITests";
			productReference = D502F43022B48BAB0069992E /* Person UIUITests.xctest */;
			productType = "com.apple.product-type.bundle.ui-testing";
		};
/* End PBXNativeTarget section */

/* Begin PBXProject section */
		D502F40922B48BAA0069992E /* Project object */ = {
			isa = PBXProject;
			attributes = {
				LastSwiftUpdateCheck = 1020;
				LastUpgradeCheck = 1020;
				ORGANIZATIONNAME = "Megan Wilson";
				TargetAttributes = {
					D502F41022B48BAA0069992E = {
						CreatedOnToolsVersion = 10.2.1;
					};
					D502F42422B48BAB0069992E = {
						CreatedOnToolsVersion = 10.2.1;
						TestTargetID = D502F41022B48BAA0069992E;
					};
					D502F42F22B48BAB0069992E = {
						CreatedOnToolsVersion = 10.2.1;
						TestTargetID = D502F41022B48BAA0069992E;
					};
				};
			};
			buildConfigurationList = D502F40C22B48BAA0069992E /* Build configuration list for PBXProject "Person UI" */;
			compatibilityVersion = "Xcode 9.3";
			developmentRegion = en;
			hasScannedForEncodings = 0;
			knownRegions = (
				en,
				Base,
			);
			mainGroup = D502F40822B48BAA0069992E;
			productRefGroup = D502F41222B48BAA0069992E /* Products */;
			projectDirPath = "";
			projectRoot = "";
			targets = (
				D502F41022B48BAA0069992E /* Person UI */,
				D502F42422B48BAB0069992E /* Person UITests */,
				D502F42F22B48BAB0069992E /* Person UIUITests */,
			);
		};
/* End PBXProject section */

/* Begin PBXResourcesBuildPhase section */
		D502F40F22B48BAA0069992E /* Resources */ = {
			isa = PBXResourcesBuildPhase;
			buildActionMask = 2147483647;
			files = (
				D502F41F22B48BAB0069992E /* LaunchScreen.storyboard in Resources */,
				D502F41C22B48BAB0069992E /* Assets.xcassets in Resources */,
				D502F41A22B48BAA0069992E /* Main.storyboard in Resources */,
			);
			runOnlyForDeploymentPostprocessing = 0;
		};
		D502F42322B48BAB0069992E /* Resources */ = {
			isa = PBXResourcesBuildPhase;
			buildActionMask = 2147483647;
			files = (
			);
			runOnlyForDeploymentPostprocessing = 0;
		};
		D502F42E22B48BAB0069992E /* Resources */ = {
			isa = PBXResourcesBuildPhase;
			buildActionMask = 2147483647;
			files = (
			);
			runOnlyForDeploymentPostprocessing = 0;
		};
/* End PBXResourcesBuildPhase section */

/* Begin PBXSourcesBuildPhase section */
		D502F40D22B48BAA0069992E /* Sources */ = {
			isa = PBXSourcesBuildPhase;
			buildActionMask = 2147483647;
			files = (
				D502F41722B48BAA0069992E /* ViewController.swift in Sources */,
				D502F41522B48BAA0069992E /* AppDelegate.swift in Sources */,
			);
			runOnlyForDeploymentPostprocessing = 0;
		};
		D502F42122B48BAB0069992E /* Sources */ = {
			isa = PBXSourcesBuildPhase;
			buildActionMask = 2147483647;
			files = (
				D502F42A22B48BAB0069992E /* Person_UITests.swift in Sources */,
			);
			runOnlyForDeploymentPostprocessing = 0;
		};
		D502F42C22B48BAB0069992E /* Sources */ = {
			isa = PBXSourcesBuildPhase;
			buildActionMask = 2147483647;
			files = (
				D502F43522B48BAB0069992E /* Person_UIUITests.swift in Sources */,
			);
			runOnlyForDeploymentPostprocessing = 0;
		};
/* End PBXSourcesBuildPhase section */

/* Begin PBXTargetDependency section */
		D502F42722B48BAB0069992E /* PBXTargetDependency */ = {
			isa = PBXTargetDependency;
			target = D502F41022B48BAA0069992E /* Person UI */;
			targetProxy = D502F42622B48BAB0069992E /* PBXContainerItemProxy */;
		};
		D502F43222B48BAB0069992E /* PBXTargetDependency */ = {
			isa = PBXTargetDependency;
			target = D502F41022B48BAA0069992E /* Person UI */;
			targetProxy = D502F43122B48BAB0069992E /* PBXContainerItemProxy */;
		};
/* End PBXTargetDependency section */

/* Begin PBXVariantGroup section */
		D502F41822B48BAA0069992E /* Main.storyboard */ = {
			isa = PBXVariantGroup;
			children = (
				D502F41922B48BAA0069992E /* Base */,
			);
			name = Main.storyboard;
			sourceTree = "<group>";
		};
		D502F41D22B48BAB0069992E /* LaunchScreen.storyboard */ = {
			isa = PBXVariantGroup;
			children = (
				D502F41E22B48BAB0069992E /* Base */,
			);
			name = LaunchScreen.storyboard;
			sourceTree = "<group>";
		};
/* End PBXVariantGroup section */

/* Begin XCBuildConfiguration section */
		D502F43722B48BAB0069992E /* Debug */ = {
			isa = XCBuildConfiguration;
			buildSettings = {
				ALWAYS_SEARCH_USER_PATHS = NO;
				CLANG_ANALYZER_NONNULL = YES;
				CLANG_ANALYZER_NUMBER_OBJECT_CONVERSION = YES_AGGRESSIVE;
				CLANG_CXX_LANGUAGE_STANDARD = "gnu++14";
				CLANG_CXX_LIBRARY = "libc++";
				CLANG_ENABLE_MODULES = YES;
				CLANG_ENABLE_OBJC_ARC = YES;
				CLANG_ENABLE_OBJC_WEAK = YES;
				CLANG_WARN_BLOCK_CAPTURE_AUTORELEASING = YES;
				CLANG_WARN_BOOL_CONVERSION = YES;
				CLANG_WARN_COMMA = YES;
				CLANG_WARN_CONSTANT_CONVERSION = YES;
				CLANG_WARN_DEPRECATED_OBJC_IMPLEMENTATIONS = YES;
				CLANG_WARN_DIRECT_OBJC_ISA_USAGE = YES_ERROR;
				CLANG_WARN_DOCUMENTATION_COMMENTS = YES;
				CLANG_WARN_EMPTY_BODY = YES;
				CLANG_WARN_ENUM_CONVERSION = YES;
				CLANG_WARN_INFINITE_RECURSION = YES;
				CLANG_WARN_INT_CONVERSION = YES;
				CLANG_WARN_NON_LITERAL_NULL_CONVERSION = YES;
				CLANG_WARN_OBJC_IMPLICIT_RETAIN_SELF = YES;
				CLANG_WARN_OBJC_LITERAL_CONVERSION = YES;
				CLANG_WARN_OBJC_ROOT_CLASS = YES_ERROR;
				CLANG_WARN_RANGE_LOOP_ANALYSIS = YES;
				CLANG_WARN_STRICT_PROTOTYPES = YES;
				CLANG_WARN_SUSPICIOUS_MOVE = YES;
				CLANG_WARN_UNGUARDED_AVAILABILITY = YES_AGGRESSIVE;
				CLANG_WARN_UNREACHABLE_CODE = YES;
				CLANG_WARN__DUPLICATE_METHOD_MATCH = YES;
				CODE_SIGN_IDENTITY = "iPhone Developer";
				COPY_PHASE_STRIP = NO;
				DEBUG_INFORMATION_FORMAT = dwarf;
				ENABLE_STRICT_OBJC_MSGSEND = YES;
				ENABLE_TESTABILITY = YES;
				GCC_C_LANGUAGE_STANDARD = gnu11;
				GCC_DYNAMIC_NO_PIC = NO;
				GCC_NO_COMMON_BLOCKS = YES;
				GCC_OPTIMIZATION_LEVEL = 0;
				GCC_PREPROCESSOR_DEFINITIONS = (
					"DEBUG=1",
					"$(inherited)",
				);
				GCC_WARN_64_TO_32_BIT_CONVERSION = YES;
				GCC_WARN_ABOUT_RETURN_TYPE = YES_ERROR;
				GCC_WARN_UNDECLARED_SELECTOR = YES;
				GCC_WARN_UNINITIALIZED_AUTOS = YES_AGGRESSIVE;
				GCC_WARN_UNUSED_FUNCTION = YES;
				GCC_WARN_UNUSED_VARIABLE = YES;
				IPHONEOS_DEPLOYMENT_TARGET = 12.2;
				MTL_ENABLE_DEBUG_INFO = INCLUDE_SOURCE;
				MTL_FAST_MATH = YES;
				ONLY_ACTIVE_ARCH = YES;
				SDKROOT = iphoneos;
				SWIFT_ACTIVE_COMPILATION_CONDITIONS = DEBUG;
				SWIFT_OPTIMIZATION_LEVEL = "-Onone";
			};
			name = Debug;
		};
		D502F43822B48BAB0069992E /* Release */ = {
			isa = XCBuildConfiguration;
			buildSettings = {
				ALWAYS_SEARCH_USER_PATHS = NO;
				CLANG_ANALYZER_NONNULL = YES;
				CLANG_ANALYZER_NUMBER_OBJECT_CONVERSION = YES_AGGRESSIVE;
				CLANG_CXX_LANGUAGE_STANDARD = "gnu++14";
				CLANG_CXX_LIBRARY = "libc++";
				CLANG_ENABLE_MODULES = YES;
				CLANG_ENABLE_OBJC_ARC = YES;
				CLANG_ENABLE_OBJC_WEAK = YES;
				CLANG_WARN_BLOCK_CAPTURE_AUTORELEASING = YES;
				CLANG_WARN_BOOL_CONVERSION = YES;
				CLANG_WARN_COMMA = YES;
				CLANG_WARN_CONSTANT_CONVERSION = YES;
				CLANG_WARN_DEPRECATED_OBJC_IMPLEMENTATIONS = YES;
				CLANG_WARN_DIRECT_OBJC_ISA_USAGE = YES_ERROR;
				CLANG_WARN_DOCUMENTATION_COMMENTS = YES;
				CLANG_WARN_EMPTY_BODY = YES;
				CLANG_WARN_ENUM_CONVERSION = YES;
				CLANG_WARN_INFINITE_RECURSION = YES;
				CLANG_WARN_INT_CONVERSION = YES;
				CLANG_WARN_NON_LITERAL_NULL_CONVERSION = YES;
				CLANG_WARN_OBJC_IMPLICIT_RETAIN_SELF = YES;
				CLANG_WARN_OBJC_LITERAL_CONVERSION = YES;
				CLANG_WARN_OBJC_ROOT_CLASS = YES_ERROR;
				CLANG_WARN_RANGE_LOOP_ANALYSIS = YES;
				CLANG_WARN_STRICT_PROTOTYPES = YES;
				CLANG_WARN_SUSPICIOUS_MOVE = YES;
				CLANG_WARN_UNGUARDED_AVAILABILITY = YES_AGGRESSIVE;
				CLANG_WARN_UNREACHABLE_CODE = YES;
				CLANG_WARN__DUPLICATE_METHOD_MATCH = YES;
				CODE_SIGN_IDENTITY = "iPhone Developer";
				COPY_PHASE_STRIP = NO;
				DEBUG_INFORMATION_FORMAT = "dwarf-with-dsym";
				ENABLE_NS_ASSERTIONS = NO;
				ENABLE_STRICT_OBJC_MSGSEND = YES;
				GCC_C_LANGUAGE_STANDARD = gnu11;
				GCC_NO_COMMON_BLOCKS = YES;
				GCC_WARN_64_TO_32_BIT_CONVERSION = YES;
				GCC_WARN_ABOUT_RETURN_TYPE = YES_ERROR;
				GCC_WARN_UNDECLARED_SELECTOR = YES;
				GCC_WARN_UNINITIALIZED_AUTOS = YES_AGGRESSIVE;
				GCC_WARN_UNUSED_FUNCTION = YES;
				GCC_WARN_UNUSED_VARIABLE = YES;
				IPHONEOS_DEPLOYMENT_TARGET = 12.2;
				MTL_ENABLE_DEBUG_INFO = NO;
				MTL_FAST_MATH = YES;
				SDKROOT = iphoneos;
				SWIFT_COMPILATION_MODE = wholemodule;
				SWIFT_OPTIMIZATION_LEVEL = "-O";
				VALIDATE_PRODUCT = YES;
			};
			name = Release;
		};
		D502F43A22B48BAB0069992E /* Debug */ = {
			isa = XCBuildConfiguration;
			buildSettings = {
				ASSETCATALOG_COMPILER_APPICON_NAME = AppIcon;
				CODE_SIGN_STYLE = Automatic;
				DEVELOPMENT_TEAM = 6N54P4PZYL;
				INFOPLIST_FILE = "Person UI/Info.plist";
				LD_RUNPATH_SEARCH_PATHS = (
					"$(inherited)",
					"@executable_path/Frameworks",
				);
				PRODUCT_BUNDLE_IDENTIFIER = "PUI.Person-UI";
				PRODUCT_NAME = "$(TARGET_NAME)";
				SWIFT_VERSION = 5.0;
				TARGETED_DEVICE_FAMILY = "1,2";
			};
			name = Debug;
		};
		D502F43B22B48BAB0069992E /* Release */ = {
			isa = XCBuildConfiguration;
			buildSettings = {
				ASSETCATALOG_COMPILER_APPICON_NAME = AppIcon;
				CODE_SIGN_STYLE = Automatic;
				DEVELOPMENT_TEAM = 6N54P4PZYL;
				INFOPLIST_FILE = "Person UI/Info.plist";
				LD_RUNPATH_SEARCH_PATHS = (
					"$(inherited)",
					"@executable_path/Frameworks",
				);
				PRODUCT_BUNDLE_IDENTIFIER = "PUI.Person-UI";
				PRODUCT_NAME = "$(TARGET_NAME)";
				SWIFT_VERSION = 5.0;
				TARGETED_DEVICE_FAMILY = "1,2";
			};
			name = Release;
		};
		D502F43D22B48BAB0069992E /* Debug */ = {
			isa = XCBuildConfiguration;
			buildSettings = {
				ALWAYS_EMBED_SWIFT_STANDARD_LIBRARIES = YES;
				BUNDLE_LOADER = "$(TEST_HOST)";
				CODE_SIGN_STYLE = Automatic;
				DEVELOPMENT_TEAM = 6N54P4PZYL;
				INFOPLIST_FILE = "Person UITests/Info.plist";
				LD_RUNPATH_SEARCH_PATHS = (
					"$(inherited)",
					"@executable_path/Frameworks",
					"@loader_path/Frameworks",
				);
				PRODUCT_BUNDLE_IDENTIFIER = "PUI.Person-UITests";
				PRODUCT_NAME = "$(TARGET_NAME)";
				SWIFT_VERSION = 5.0;
				TARGETED_DEVICE_FAMILY = "1,2";
				TEST_HOST = "$(BUILT_PRODUCTS_DIR)/Person UI.app/Person UI";
			};
			name = Debug;
		};
		D502F43E22B48BAB0069992E /* Release */ = {
			isa = XCBuildConfiguration;
			buildSettings = {
				ALWAYS_EMBED_SWIFT_STANDARD_LIBRARIES = YES;
				BUNDLE_LOADER = "$(TEST_HOST)";
				CODE_SIGN_STYLE = Automatic;
				DEVELOPMENT_TEAM = 6N54P4PZYL;
				INFOPLIST_FILE = "Person UITests/Info.plist";
				LD_RUNPATH_SEARCH_PATHS = (
					"$(inherited)",
					"@executable_path/Frameworks",
					"@loader_path/Frameworks",
				);
				PRODUCT_BUNDLE_IDENTIFIER = "PUI.Person-UITests";
				PRODUCT_NAME = "$(TARGET_NAME)";
				SWIFT_VERSION = 5.0;
				TARGETED_DEVICE_FAMILY = "1,2";
				TEST_HOST = "$(BUILT_PRODUCTS_DIR)/Person UI.app/Person UI";
			};
			name = Release;
		};
		D502F44022B48BAB0069992E /* Debug */ = {
			isa = XCBuildConfiguration;
			buildSettings = {
				ALWAYS_EMBED_SWIFT_STANDARD_LIBRARIES = YES;
				CODE_SIGN_STYLE = Automatic;
				DEVELOPMENT_TEAM = 6N54P4PZYL;
				INFOPLIST_FILE = "Person UIUITests/Info.plist";
				LD_RUNPATH_SEARCH_PATHS = (
					"$(inherited)",
					"@executable_path/Frameworks",
					"@loader_path/Frameworks",
				);
				PRODUCT_BUNDLE_IDENTIFIER = "PUI.Person-UIUITests";
				PRODUCT_NAME = "$(TARGET_NAME)";
				SWIFT_VERSION = 5.0;
				TARGETED_DEVICE_FAMILY = "1,2";
				TEST_TARGET_NAME = "Person UI";
			};
			name = Debug;
		};
		D502F44122B48BAB0069992E /* Release */ = {
			isa = XCBuildConfiguration;
			buildSettings = {
				ALWAYS_EMBED_SWIFT_STANDARD_LIBRARIES = YES;
				CODE_SIGN_STYLE = Automatic;
				DEVELOPMENT_TEAM = 6N54P4PZYL;
				INFOPLIST_FILE = "Person UIUITests/Info.plist";
				LD_RUNPATH_SEARCH_PATHS = (
					"$(inherited)",
					"@executable_path/Frameworks",
					"@loader_path/Frameworks",
				);
				PRODUCT_BUNDLE_IDENTIFIER = "PUI.Person-UIUITests";
				PRODUCT_NAME = "$(TARGET_NAME)";
				SWIFT_VERSION = 5.0;
				TARGETED_DEVICE_FAMILY = "1,2";
				TEST_TARGET_NAME = "Person UI";
			};
			name = Release;
		};
/* End XCBuildConfiguration section */

/* Begin XCConfigurationList section */
		D502F40C22B48BAA0069992E /* Build configuration list for PBXProject "Person UI" */ = {
			isa = XCConfigurationList;
			buildConfigurations = (
				D502F43722B48BAB0069992E /* Debug */,
				D502F43822B48BAB0069992E /* Release */,
			);
			defaultConfigurationIsVisible = 0;
			defaultConfigurationName = Release;
		};
		D502F43922B48BAB0069992E /* Build configuration list for PBXNativeTarget "Person UI" */ = {
			isa = XCConfigurationList;
			buildConfigurations = (
				D502F43A22B48BAB0069992E /* Debug */,
				D502F43B22B48BAB0069992E /* Release */,
			);
			defaultConfigurationIsVisible = 0;
			defaultConfigurationName = Release;
		};
		D502F43C22B48BAB0069992E /* Build configuration list for PBXNativeTarget "Person UITests" */ = {
			isa = XCConfigurationList;
			buildConfigurations = (
				D502F43D22B48BAB0069992E /* Debug */,
				D502F43E22B48BAB0069992E /* Release */,
			);
			defaultConfigurationIsVisible = 0;
			defaultConfigurationName = Release;
		};
		D502F43F22B48BAB0069992E /* Build configuration list for PBXNativeTarget "Person UIUITests" */ = {
			isa = XCConfigurationList;
			buildConfigurations = (
				D502F44022B48BAB0069992E /* Debug */,
				D502F44122B48BAB0069992E /* Release */,
			);
			defaultConfigurationIsVisible = 0;
			defaultConfigurationName = Release;
		};
/* End XCConfigurationList section */
	};
	rootObject = D502F40922B48BAA0069992E /* Project object */;
}
